# THIS IS AN AUTOGENERATED FILE. DO NOT EDIT THIS FILE DIRECTLY.
# yarn lockfile v1


"@babel/parser@^7.15.0":
  "integrity" "sha512-rycZXvQ+xS9QyIcJ9HXeDWf1uxqlbVFAUq0Rq0dbc50Zb/+wUe/ehyfzGfm9KZZF0kBejYgxltBXocP+gKdL2g=="
  "resolved" "https://registry.npmjs.org/@babel/parser/-/parser-7.15.7.tgz"
  "version" "7.15.7"

"@socket.io/component-emitter@~3.0.0":
  "integrity" "sha512-2pTGuibAXJswAPJjaKisthqS/NOK5ypG4LYT6tEAV0S/mxW0zOIvYvGK0V8w8+SHxAm6vRMSjqSalFXeBAqs+Q=="
  "resolved" "https://registry.npmjs.org/@socket.io/component-emitter/-/component-emitter-3.0.0.tgz"
  "version" "3.0.0"

"@vitejs/plugin-vue@^2.0.1":
  "integrity" "sha512-wtdMnGVvys9K8tg+DxowU1ytTrdVveXr3LzdhaKakysgGXyrsfaeds2cDywtvujEASjWOwWL/OgWM+qoeM8Plg=="
  "resolved" "https://registry.npmjs.org/@vitejs/plugin-vue/-/plugin-vue-2.0.1.tgz"
  "version" "2.0.1"

"@vue/compiler-core@3.2.19":
  "integrity" "sha512-8dOPX0YOtaXol0Zf2cfLQ4NU/yHYl2H7DCKsLEZ7gdvPK6ZSEwGLJ7IdghhY2YEshEpC5RB9QKdC5I07z8Dtjg=="
  "resolved" "https://registry.npmjs.org/@vue/compiler-core/-/compiler-core-3.2.19.tgz"
  "version" "3.2.19"
  dependencies:
    "@babel/parser" "^7.15.0"
    "@vue/shared" "3.2.19"
    "estree-walker" "^2.0.2"
    "source-map" "^0.6.1"

"@vue/compiler-dom@3.2.19":
  "integrity" "sha512-WzQoE8rfkFjPtIioc7SSgTsnz9g2oG61DU8KHnzPrRS7fW/lji6H2uCYJfp4Z6kZE8GjnHc1Ljwl3/gxDes0cw=="
  "resolved" "https://registry.npmjs.org/@vue/compiler-dom/-/compiler-dom-3.2.19.tgz"
  "version" "3.2.19"
  dependencies:
    "@vue/compiler-core" "3.2.19"
    "@vue/shared" "3.2.19"

"@vue/compiler-sfc@3.2.19":
  "integrity" "sha512-pLlbgkO1UHTO02MSpa/sFOXUwIDxSMiKZ1ozE5n71CY4DM+YmI+G3gT/ZHZ46WBId7f3VTF/D8pGwMygcQbrQA=="
  "resolved" "https://registry.npmjs.org/@vue/compiler-sfc/-/compiler-sfc-3.2.19.tgz"
  "version" "3.2.19"
  dependencies:
    "@babel/parser" "^7.15.0"
    "@vue/compiler-core" "3.2.19"
    "@vue/compiler-dom" "3.2.19"
    "@vue/compiler-ssr" "3.2.19"
    "@vue/ref-transform" "3.2.19"
    "@vue/shared" "3.2.19"
    "estree-walker" "^2.0.2"
    "magic-string" "^0.25.7"
    "postcss" "^8.1.10"
    "source-map" "^0.6.1"

"@vue/compiler-ssr@3.2.19":
  "integrity" "sha512-oLon0Cn3O7WEYzzmzZavGoqXH+199LT+smdjBT3Uf3UX4HwDNuBFCmvL0TsqV9SQnIgKvBRbQ7lhbpnd4lqM3w=="
  "resolved" "https://registry.npmjs.org/@vue/compiler-ssr/-/compiler-ssr-3.2.19.tgz"
  "version" "3.2.19"
  dependencies:
    "@vue/compiler-dom" "3.2.19"
    "@vue/shared" "3.2.19"

"@vue/devtools-api@^6.0.0-beta.18":
  "integrity" "sha512-ObzQhgkoVeoyKv+e8+tB/jQBL2smtk/NmC9OmFK8UqdDpoOdv/Kf9pyDWL+IFyM7qLD2C75rszJujvGSPSpGlw=="
  "resolved" "https://registry.npmjs.org/@vue/devtools-api/-/devtools-api-6.0.0-beta.19.tgz"
  "version" "6.0.0-beta.19"

"@vue/reactivity@3.2.19":
  "integrity" "sha512-FtachoYs2SnyrWup5UikP54xDX6ZJ1s5VgHcJp4rkGoutU3Ry61jhs+nCX7J64zjX992Mh9gGUC0LqTs8q9vCA=="
  "resolved" "https://registry.npmjs.org/@vue/reactivity/-/reactivity-3.2.19.tgz"
  "version" "3.2.19"
  dependencies:
    "@vue/shared" "3.2.19"

"@vue/ref-transform@3.2.19":
  "integrity" "sha512-03wwUnoIAeKti5IGGx6Vk/HEBJ+zUcm5wrUM3+PQsGf7IYnXTbeIfHHpx4HeSeWhnLAjqZjADQwW8uA4rBmVbg=="
  "resolved" "https://registry.npmjs.org/@vue/ref-transform/-/ref-transform-3.2.19.tgz"
  "version" "3.2.19"
  dependencies:
    "@babel/parser" "^7.15.0"
    "@vue/compiler-core" "3.2.19"
    "@vue/shared" "3.2.19"
    "estree-walker" "^2.0.2"
    "magic-string" "^0.25.7"

"@vue/runtime-core@3.2.19":
  "integrity" "sha512-qArZSWKxWsgKfxk9BelZ32nY0MZ31CAW2kUUyVJyxh4cTfHaXGbjiQB5JgsvKc49ROMNffv9t3/qjasQqAH+RQ=="
  "resolved" "https://registry.npmjs.org/@vue/runtime-core/-/runtime-core-3.2.19.tgz"
  "version" "3.2.19"
  dependencies:
    "@vue/reactivity" "3.2.19"
    "@vue/shared" "3.2.19"

"@vue/runtime-dom@3.2.19":
  "integrity" "sha512-hIRboxXwafeHhbZEkZYNV0MiJXPNf4fP0X6hM2TJb0vssz8BKhD9cF92BkRgZztTQevecbhk0gu4uAPJ3dxL9A=="
  "resolved" "https://registry.npmjs.org/@vue/runtime-dom/-/runtime-dom-3.2.19.tgz"
  "version" "3.2.19"
  dependencies:
    "@vue/runtime-core" "3.2.19"
    "@vue/shared" "3.2.19"
    "csstype" "^2.6.8"

"@vue/server-renderer@3.2.19":
  "integrity" "sha512-A9FNT7fgQJXItwdzWREntAgWKVtKYuXHBKGev/H4+ByTu8vB7gQXGcim01QxaJshdNg4dYuH2tEBZXCNCNx+/w=="
  "resolved" "https://registry.npmjs.org/@vue/server-renderer/-/server-renderer-3.2.19.tgz"
  "version" "3.2.19"
  dependencies:
    "@vue/compiler-ssr" "3.2.19"
    "@vue/shared" "3.2.19"

"@vue/shared@3.2.19":
  "integrity" "sha512-Knqhx7WieLdVgwCAZgTVrDCXZ50uItuecLh9JdLC8O+a5ayaSyIQYveUK3hCRNC7ws5zalHmZwfdLMGaS8r4Ew=="
  "resolved" "https://registry.npmjs.org/@vue/shared/-/shared-3.2.19.tgz"
  "version" "3.2.19"

"backo2@~1.0.2":
  "integrity" "sha1-MasayLEpNjRj41s+u2n038+6eUc="
  "resolved" "https://registry.npmjs.org/backo2/-/backo2-1.0.2.tgz"
  "version" "1.0.2"

"base64-arraybuffer@~1.0.1":
  "integrity" "sha512-vFIUq7FdLtjZMhATwDul5RZWv2jpXQ09Pd6jcVEOvIsqCWTRFD/ONHNfyOS8dA/Ippi5dsIgpyKWKZaAKZltbA=="
  "resolved" "https://registry.npmjs.org/base64-arraybuffer/-/base64-arraybuffer-1.0.1.tgz"
  "version" "1.0.1"

"bootstrap@^5.1.3":
  "integrity" "sha512-fcQztozJ8jToQWXxVuEyXWW+dSo8AiXWKwiSSrKWsRB/Qt+Ewwza+JWoLKiTuQLaEPhdNAJ7+Dosc9DOIqNy7Q=="
  "resolved" "https://registry.npmjs.org/bootstrap/-/bootstrap-5.1.3.tgz"
  "version" "5.1.3"

"csstype@^2.6.8":
  "integrity" "sha512-ul26pfSQTZW8dcOnD2iiJssfXw0gdNVX9IJDH/X3K5DGPfj+fUYe3kB+swUY6BF3oZDxaID3AJt+9/ojSAE05A=="
  "resolved" "https://registry.npmjs.org/csstype/-/csstype-2.6.13.tgz"
  "version" "2.6.13"

"debug@~4.3.1", "debug@~4.3.2":
  "integrity" "sha512-mOp8wKcvj7XxC78zLgw/ZA+6TSgkoE2C/ienthhRD298T7UNwAg9diBpLRxC0mOezLl4B0xV7M0cCO6P/O0Xhw=="
  "resolved" "https://registry.npmjs.org/debug/-/debug-4.3.2.tgz"
  "version" "4.3.2"
  dependencies:
    "ms" "2.1.2"

"engine.io-client@~6.1.1":
  "integrity" "sha512-V05mmDo4gjimYW+FGujoGmmmxRaDsrVr7AXA3ZIfa04MWM1jOfZfUwou0oNqhNwy/votUDvGDt4JA4QF4e0b4g=="
  "resolved" "https://registry.npmjs.org/engine.io-client/-/engine.io-client-6.1.1.tgz"
  "version" "6.1.1"
  dependencies:
    "@socket.io/component-emitter" "~3.0.0"
    "debug" "~4.3.1"
    "engine.io-parser" "~5.0.0"
    "has-cors" "1.1.0"
    "parseqs" "0.0.6"
    "parseuri" "0.0.6"
    "ws" "~8.2.3"
    "xmlhttprequest-ssl" "~2.0.0"
    "yeast" "0.1.2"

"engine.io-parser@~5.0.0":
  "integrity" "sha512-wn6QavHEqXoM+cg+x8uUG7GhxLBCfKEKNEsCNc7V2ugj3gB3lK91l1MuZiy6xFB2V9D1eew0aWkmpiT/aBb/KA=="
  "resolved" "https://registry.npmjs.org/engine.io-parser/-/engine.io-parser-5.0.0.tgz"
  "version" "5.0.0"
  dependencies:
    "base64-arraybuffer" "~1.0.1"

"esbuild-linux-64@0.13.15":
  "integrity" "sha512-eCKzkNSLywNeQTRBxJRQ0jxRCl2YWdMB3+PkWFo2BBQYC5mISLIVIjThNtn6HUNqua1pnvgP5xX0nHbZbPj5oA=="
  "resolved" "https://registry.npmjs.org/esbuild-linux-64/-/esbuild-linux-64-0.13.15.tgz"
  "version" "0.13.15"

"esbuild@^0.13.12":
  "integrity" "sha512-raCxt02HBKv8RJxE8vkTSCXGIyKHdEdGfUmiYb8wnabnaEmHzyW7DCHb5tEN0xU8ryqg5xw54mcwnYkC4x3AIw=="
  "resolved" "https://registry.npmjs.org/esbuild/-/esbuild-0.13.15.tgz"
  "version" "0.13.15"
  optionalDependencies:
    "esbuild-android-arm64" "0.13.15"
    "esbuild-darwin-64" "0.13.15"
    "esbuild-darwin-arm64" "0.13.15"
    "esbuild-freebsd-64" "0.13.15"
    "esbuild-freebsd-arm64" "0.13.15"
    "esbuild-linux-32" "0.13.15"
    "esbuild-linux-64" "0.13.15"
    "esbuild-linux-arm" "0.13.15"
    "esbuild-linux-arm64" "0.13.15"
    "esbuild-linux-mips64le" "0.13.15"
    "esbuild-linux-ppc64le" "0.13.15"
    "esbuild-netbsd-64" "0.13.15"
    "esbuild-openbsd-64" "0.13.15"
    "esbuild-sunos-64" "0.13.15"
    "esbuild-windows-32" "0.13.15"
    "esbuild-windows-64" "0.13.15"
    "esbuild-windows-arm64" "0.13.15"

"estree-walker@^2.0.2":
  "integrity" "sha512-Rfkk/Mp/DL7JVje3u18FxFujQlTNR2q6QfMSMB7AvCBx91NGj/ba3kCfza0f6dVDbw7YlRf/nDrn7pQrCCyQ/w=="
  "resolved" "https://registry.npmjs.org/estree-walker/-/estree-walker-2.0.2.tgz"
  "version" "2.0.2"

"function-bind@^1.1.1":
  "integrity" "sha512-yIovAzMX49sF8Yl58fSCWJ5svSLuaibPxXQJFLmBObTuCr0Mf1KiPopGM9NiFjiYBCbfaa2Fh6breQ6ANVTI0A=="
  "resolved" "https://registry.npmjs.org/function-bind/-/function-bind-1.1.1.tgz"
  "version" "1.1.1"

"has-cors@1.1.0":
  "integrity" "sha1-XkdHk/fqmEPRu5nCPu9J/xJv/zk="
  "resolved" "https://registry.npmjs.org/has-cors/-/has-cors-1.1.0.tgz"
  "version" "1.1.0"

"has@^1.0.3":
  "integrity" "sha512-f2dvO0VU6Oej7RkWJGrehjbzMAjFp5/VKPp5tTpWIV4JHHZK1/BxbFRtf/siA2SWTe09caDmVtYYzWEIbBS4zw=="
  "resolved" "https://registry.npmjs.org/has/-/has-1.0.3.tgz"
  "version" "1.0.3"
  dependencies:
    "function-bind" "^1.1.1"

"is-core-module@^2.2.0":
  "integrity" "sha512-ByY+tjCciCr+9nLryBYcSD50EOGWt95c7tIsKTG1J2ixKKXPvF7Ej3AVd+UfDydAJom3biBGDBALaO79ktwgEQ=="
  "resolved" "https://registry.npmjs.org/is-core-module/-/is-core-module-2.7.0.tgz"
  "version" "2.7.0"
  dependencies:
    "has" "^1.0.3"

"lodash-es@^4.17.21":
  "integrity" "sha512-mKnC+QJ9pWVzv+C4/U3rRsHapFfHvQFoFB92e52xeyGMcX6/OlIl78je1u8vePzYZSkkogMPJ2yjxxsb89cxyw=="
  "resolved" "https://registry.npmjs.org/lodash-es/-/lodash-es-4.17.21.tgz"
  "version" "4.17.21"

"magic-string@^0.25.7":
  "integrity" "sha512-4CrMT5DOHTDk4HYDlzmwu4FVCcIYI8gauveasrdCu2IKIFOJ3f0v/8MDGJCDL9oD2ppz/Av1b0Nj345H9M+XIA=="
  "resolved" "https://registry.npmjs.org/magic-string/-/magic-string-0.25.7.tgz"
  "version" "0.25.7"
  dependencies:
    "sourcemap-codec" "^1.4.4"

"ms@2.1.2":
  "integrity" "sha512-sGkPx+VjMtmA6MX27oA4FBFELFCZZ4S4XqeGOXCv68tT+jb3vk/RyaKWP0PTKyWtmLSM0b+adUTEvbs1PEaH2w=="
  "resolved" "https://registry.npmjs.org/ms/-/ms-2.1.2.tgz"
  "version" "2.1.2"

"nanocolors@^0.2.2":
  "integrity" "sha512-SFNdALvzW+rVlzqexid6epYdt8H9Zol7xDoQarioEFcFN0JHo4CYNztAxmtfgGTVRCmFlEOqqhBpoFGKqSAMug=="
  "resolved" "https://registry.npmjs.org/nanocolors/-/nanocolors-0.2.12.tgz"
  "version" "0.2.12"

"nanoid@^3.1.25":
  "integrity" "sha512-gSu9VZ2HtmoKYe/lmyPFES5nknFrHa+/DT9muUFWFMi6Jh9E1I7bkvlQ8xxf1Kos9pi9o8lBnIOkatMhKX/YUw=="
  "resolved" "https://registry.npmjs.org/nanoid/-/nanoid-3.1.28.tgz"
  "version" "3.1.28"

"nanoid@^3.1.30":
  "integrity" "sha512-fmsZYa9lpn69Ad5eDn7FMcnnSR+8R34W9qJEijxYhTbfOWzr22n1QxCMzXLK+ODyW2973V3Fux959iQoUxzUIA=="
  "resolved" "https://registry.npmjs.org/nanoid/-/nanoid-3.2.0.tgz"
  "version" "3.2.0"

"parseqs@0.0.6":
  "integrity" "sha512-jeAGzMDbfSHHA091hr0r31eYfTig+29g3GKKE/PPbEQ65X0lmMwlEoqmhzu0iztID5uJpZsFlUPDP8ThPL7M8w=="
  "resolved" "https://registry.npmjs.org/parseqs/-/parseqs-0.0.6.tgz"
  "version" "0.0.6"

"parseuri@0.0.6":
  "integrity" "sha512-AUjen8sAkGgao7UyCX6Ahv0gIK2fABKmYjvP4xmy5JaKvcbTRueIqIPHLAfq30xJddqSE033IOMUSOMCcK3Sow=="
  "resolved" "https://registry.npmjs.org/parseuri/-/parseuri-0.0.6.tgz"
  "version" "0.0.6"

"path-parse@^1.0.6":
  "integrity" "sha512-GSmOT2EbHrINBf9SR7CDELwlJ8AENk3Qn7OikK4nFYAu3Ote2+JYNVvkpAEQm3/TLNEJFD/xZJjzyxg3KBWOzw=="
  "resolved" "https://registry.npmjs.org/path-parse/-/path-parse-1.0.6.tgz"
  "version" "1.0.6"

"picocolors@^1.0.0":
  "integrity" "sha512-1fygroTLlHu66zi26VoTDv8yRgm0Fccecssto+MhsZ0D/DGW2sm8E8AjW7NU5VVTRt5GxbeZ5qBuJr+HyLYkjQ=="
  "resolved" "https://registry.npmjs.org/picocolors/-/picocolors-1.0.0.tgz"
  "version" "1.0.0"

"postcss@^8.1.10":
  "integrity" "sha512-GT5bTjjZnwDifajzczOC+r3FI3Cu+PgPvrsjhQdRqa2kTJ4968/X9CUce9xttIB0xOs5c6xf0TCWZo/y9lF6bA=="
  "resolved" "https://registry.npmjs.org/postcss/-/postcss-8.3.8.tgz"
  "version" "8.3.8"
  dependencies:
    "nanocolors" "^0.2.2"
    "nanoid" "^3.1.25"
    "source-map-js" "^0.6.2"

"postcss@^8.4.5":
  "integrity" "sha512-jBDboWM8qpaqwkMwItqTQTiFikhs/67OYVvblFFTM7MrZjt6yMKd6r2kgXizEbTTljacm4NldIlZnhbjr84QYg=="
  "resolved" "https://registry.npmjs.org/postcss/-/postcss-8.4.5.tgz"
  "version" "8.4.5"
  dependencies:
    "nanoid" "^3.1.30"
    "picocolors" "^1.0.0"
    "source-map-js" "^1.0.1"

"prismjs@1.26.0":
  "integrity" "sha512-HUoH9C5Z3jKkl3UunCyiD5jwk0+Hz0fIgQ2nbwU2Oo/ceuTAQAg+pPVnfdt2TJWRVLcxKh9iuoYDUSc8clb5UQ=="
  "resolved" "https://registry.npmjs.org/prismjs/-/prismjs-1.26.0.tgz"
  "version" "1.26.0"

"resolve@^1.20.0":
  "integrity" "sha512-wENBPt4ySzg4ybFQW2TT1zMQucPK95HSh/nq2CFTZVOGut2+pQvSsgtda4d26YrYcr067wjbmzOG8byDPBX63A=="
  "resolved" "https://registry.npmjs.org/resolve/-/resolve-1.20.0.tgz"
  "version" "1.20.0"
  dependencies:
    "is-core-module" "^2.2.0"
    "path-parse" "^1.0.6"

"rollup@^2.59.0":
  "integrity" "sha512-+c+lbw1lexBKSMb1yxGDVfJ+vchJH3qLbmavR+awDinTDA2C5Ug9u7lkOzj62SCu0PKUExsW36tpgW7Fmpn3yQ=="
  "resolved" "https://registry.npmjs.org/rollup/-/rollup-2.64.0.tgz"
  "version" "2.64.0"
  optionalDependencies:
    "fsevents" "~2.3.2"

"socket.io-client@^4.4.1":
  "integrity" "sha512-N5C/L5fLNha5Ojd7Yeb/puKcPWWcoB/A09fEjjNsg91EDVr5twk/OEyO6VT9dlLSUNY85NpW6KBhVMvaLKQ3vQ=="
  "resolved" "https://registry.npmjs.org/socket.io-client/-/socket.io-client-4.4.1.tgz"
  "version" "4.4.1"
  dependencies:
    "@socket.io/component-emitter" "~3.0.0"
    "backo2" "~1.0.2"
    "debug" "~4.3.2"
    "engine.io-client" "~6.1.1"
    "parseuri" "0.0.6"
    "socket.io-parser" "~4.1.1"

"socket.io-parser@~4.1.1":
  "integrity" "sha512-USQVLSkDWE5nbcY760ExdKaJxCE65kcsG/8k5FDGZVVxpD1pA7hABYXYkCUvxUuYYh/+uQw0N/fvBzfT8o07KA=="
  "resolved" "https://registry.npmjs.org/socket.io-parser/-/socket.io-parser-4.1.1.tgz"
  "version" "4.1.1"
  dependencies:
    "@socket.io/component-emitter" "~3.0.0"
    "debug" "~4.3.1"

"source-map-js@^0.6.2":
  "integrity" "sha512-/3GptzWzu0+0MBQFrDKzw/DvvMTUORvgY6k6jd/VS6iCR4RDTKWH6v6WPwQoUO8667uQEf9Oe38DxAYWY5F/Ug=="
  "resolved" "https://registry.npmjs.org/source-map-js/-/source-map-js-0.6.2.tgz"
  "version" "0.6.2"

"source-map-js@^1.0.1":
  "integrity" "sha512-R0XvVJ9WusLiqTCEiGCmICCMplcCkIwwR11mOSD9CR5u+IXYdiseeEuXCVAjS54zqwkLcPNnmU4OeJ6tUrWhDw=="
  "resolved" "https://registry.npmjs.org/source-map-js/-/source-map-js-1.0.2.tgz"
  "version" "1.0.2"

"source-map@^0.6.1":
  "integrity" "sha512-UjgapumWlbMhkBgzT7Ykc5YXUT46F0iKu8SGXq0bcwP5dz/h0Plj6enJqjz1Zbq2l5WaqYnrVbwWOWMyF3F47g=="
  "resolved" "https://registry.npmjs.org/source-map/-/source-map-0.6.1.tgz"
  "version" "0.6.1"

"sourcemap-codec@^1.4.4":
  "integrity" "sha512-9NykojV5Uih4lgo5So5dtw+f0JgJX30KCNI8gwhz2J9A15wD0Ml6tjHKwf6fTSa6fAdVBdZeNOs9eJ71qCk8vA=="
  "resolved" "https://registry.npmjs.org/sourcemap-codec/-/sourcemap-codec-1.4.8.tgz"
  "version" "1.4.8"

"vite@^2.5.10", "vite@^2.7.13":
  "integrity" "sha512-Mq8et7f3aK0SgSxjDNfOAimZGW9XryfHRa/uV0jseQSilg+KhYDSoNb9h1rknOy6SuMkvNDLKCYAYYUMCE+IgQ=="
  "resolved" "https://registry.npmjs.org/vite/-/vite-2.7.13.tgz"
  "version" "2.7.13"
  dependencies:
    "esbuild" "^0.13.12"
    "postcss" "^8.4.5"
    "resolve" "^1.20.0"
    "rollup" "^2.59.0"
  optionalDependencies:
    "fsevents" "~2.3.2"

"vue-prism-editor@^2.0.0-alpha.2":
  "integrity" "sha512-Gu42ba9nosrE+gJpnAEuEkDMqG9zSUysIR8SdXUw8MQKDjBnnNR9lHC18uOr/ICz7yrA/5c7jHJr9lpElODC7w=="
  "resolved" "https://registry.npmjs.org/vue-prism-editor/-/vue-prism-editor-2.0.0-alpha.2.tgz"
  "version" "2.0.0-alpha.2"

"vue-router@4":
  "integrity" "sha512-CPXvfqe+mZLB1kBWssssTiWg4EQERyqJZes7USiqfW9B5N2x+nHlnsM1D3b5CaJ6qgCvMmYJnz+G0iWjNCvXrg=="
  "resolved" "https://registry.npmjs.org/vue-router/-/vue-router-4.0.12.tgz"
  "version" "4.0.12"
  dependencies:
    "@vue/devtools-api" "^6.0.0-beta.18"

"vue@^3.0.0", "vue@^3.1.2", "vue@^3.2.13", "vue@^3.2.25", "vue@3.2.19":
  "integrity" "sha512-6KAMdIfAtlK+qohTIUE4urwAv4A3YRuo8uAbByApUmiB0CziGAAPs6qVugN6oHPia8YIafHB/37K0O6KZ7sGmA=="
  "resolved" "https://registry.npmjs.org/vue/-/vue-3.2.19.tgz"
  "version" "3.2.19"
  dependencies:
    "@vue/compiler-dom" "3.2.19"
    "@vue/compiler-sfc" "3.2.19"
    "@vue/runtime-dom" "3.2.19"
    "@vue/server-renderer" "3.2.19"
    "@vue/shared" "3.2.19"

"vue3-treeview@^0.3.5":
  "integrity" "sha512-CFXkUEdmQeS78ipUuK5mtzhnBuF4AxjmX9jxXh4nJRpC6F4rA3i/l8hKS5aS4cltMyiVmdPsxdYq1+d3FP/lIA=="
  "resolved" "https://registry.npmjs.org/vue3-treeview/-/vue3-treeview-0.3.5.tgz"
  "version" "0.3.5"
  dependencies:
    "lodash-es" "^4.17.21"
    "vue" "^3.1.2"

"ws@~8.2.3":
  "integrity" "sha512-wBuoj1BDpC6ZQ1B7DWQBYVLphPWkm8i9Y0/3YdHjHKHiohOJ1ws+3OccDWtH+PoC9DZD5WOTrJvNbWvjS6JWaA=="
  "resolved" "https://registry.npmjs.org/ws/-/ws-8.2.3.tgz"
  "version" "8.2.3"

"xmlhttprequest-ssl@~2.0.0":
  "integrity" "sha512-QKxVRxiRACQcVuQEYFsI1hhkrMlrXHPegbbd1yn9UHOmRxY+si12nQYzri3vbzt8VdTTRviqcKxcyllFas5z2A=="
  "resolved" "https://registry.npmjs.org/xmlhttprequest-ssl/-/xmlhttprequest-ssl-2.0.0.tgz"
  "version" "2.0.0"

"xterm-addon-attach@^0.6.0":
  "integrity" "sha512-Mo8r3HTjI/EZfczVCwRU6jh438B4WLXxdFO86OB7bx0jGhwh2GdF4ifx/rP+OB+Cb2vmLhhVIZ00/7x3YSP3dg=="
  "resolved" "https://registry.npmjs.org/xterm-addon-attach/-/xterm-addon-attach-0.6.0.tgz"
  "version" "0.6.0"

"xterm-addon-fit@^0.5.0":
  "integrity" "sha512-DsS9fqhXHacEmsPxBJZvfj2la30Iz9xk+UKjhQgnYNkrUIN5CYLbw7WEfz117c7+S86S/tpHPfvNxJsF5/G8wQ=="
  "resolved" "https://registry.npmjs.org/xterm-addon-fit/-/xterm-addon-fit-0.5.0.tgz"
  "version" "0.5.0"

"xterm-addon-search@^0.8.2":
  "integrity" "sha512-I1863mjn8P6uVrqm/X+btalVsqjAKLhnhpbP7SavAOpEkI1jJhbHU2UTp7NjeRtcKTks6UWk/ycgds5snDSejg=="
  "resolved" "https://registry.npmjs.org/xterm-addon-search/-/xterm-addon-search-0.8.2.tgz"
  "version" "0.8.2"

"xterm-addon-web-links@^0.5.0":
  "integrity" "sha512-egDNFDvuArQ0QKE/ZdP1HMo70Lm8nSOjuIJY0kYjqCCE6yntjyuGzjeoYD+CIQ12gJ6B6thVh8nTApi27qYiag=="
  "resolved" "https://registry.npmjs.org/xterm-addon-web-links/-/xterm-addon-web-links-0.5.0.tgz"
  "version" "0.5.0"

"xterm@^4.0.0", "xterm@^4.16.0":
  "integrity" "sha512-nAbuigL9CYkI075mdfqpnB8cHZNKxENCj1CQ9Tm5gSvWkMtkanmRN2mkHGjSaET1/3+X9BqISFFo7Pd2mXVjiQ=="
  "resolved" "https://registry.npmjs.org/xterm/-/xterm-4.16.0.tgz"
  "version" "4.16.0"

"yeast@0.1.2":
  "integrity" "sha1-AI4G2AlDIMNy28L47XagymyKxBk="
  "resolved" "https://registry.npmjs.org/yeast/-/yeast-0.1.2.tgz"
  "version" "0.1.2"
